
Microsoft Visual Studio Solution File, Format Version 12.00
# Visual Studio Version 16
VisualStudioVersion = 16.0.29519.181
MinimumVisualStudioVersion = 10.0.40219.1
Project("{2150E333-8FDC-42A3-9474-1A3956D46DE8}") = "Src", "Src", "{7D3F92FE-9A76-49AF-8B4B-891C28A377C8}"
EndProject
Project("{2150E333-8FDC-42A3-9474-1A3956D46DE8}") = "Core", "Core", "{6C46A264-4720-49DC-B4B4-4A0A3FDBD74B}"
EndProject
Project("{2150E333-8FDC-42A3-9474-1A3956D46DE8}") = "Infrastructure", "Infrastructure", "{6A5361A0-C218-4339-BAD8-92C0FC730844}"
EndProject
Project("{2150E333-8FDC-42A3-9474-1A3956D46DE8}") = "Presentation", "Presentation", "{206FD0A1-5AA7-4771-AABE-19EE5ACFAA3A}"
EndProject
Project("{9A19103F-16F7-4668-BE54-9A1E7A4F7556}") = "Persistence", "Src\Persistence\Persistence.csproj", "{4789EB92-6745-428B-BA39-C02AEF156E91}"
EndProject
Project("{9A19103F-16F7-4668-BE54-9A1E7A4F7556}") = "Application", "Src\Application\Application.csproj", "{4F79A2DE-915F-4F53-95DF-EC86B8819650}"
EndProject
Project("{9A19103F-16F7-4668-BE54-9A1E7A4F7556}") = "Domain", "Src\Domain\Domain.csproj", "{81243FA1-C04D-43B9-B4AD-B27750D3AF95}"
EndProject
Project("{9A19103F-16F7-4668-BE54-9A1E7A4F7556}") = "Infrastructure", "Src\Infrastructure\Infrastructure.csproj", "{76073BA6-6DF0-4C97-9D63-456A841F3F2A}"
EndProject
Project("{9A19103F-16F7-4668-BE54-9A1E7A4F7556}") = "WebUI", "Src\WebUI\WebUI.csproj", "{4A980000-49A7-43B8-8F20-6CED818D930F}"
EndProject
Global
	GlobalSection(SolutionConfigurationPlatforms) = preSolution
		Debug|Any CPU = Debug|Any CPU
		Release|Any CPU = Release|Any CPU
	EndGlobalSection
	GlobalSection(ProjectConfigurationPlatforms) = postSolution
		{4789EB92-6745-428B-BA39-C02AEF156E91}.Debug|Any CPU.ActiveCfg = Debug|Any CPU
		{4789EB92-6745-428B-BA39-C02AEF156E91}.Debug|Any CPU.Build.0 = Debug|Any CPU
		{4789EB92-6745-428B-BA39-C02AEF156E91}.Release|Any CPU.ActiveCfg = Release|Any CPU
		{4789EB92-6745-428B-BA39-C02AEF156E91}.Release|Any CPU.Build.0 = Release|Any CPU
		{4F79A2DE-915F-4F53-95DF-EC86B8819650}.Debug|Any CPU.ActiveCfg = Debug|Any CPU
		{4F79A2DE-915F-4F53-95DF-EC86B8819650}.Debug|Any CPU.Build.0 = Debug|Any CPU
		{4F79A2DE-915F-4F53-95DF-EC86B8819650}.Release|Any CPU.ActiveCfg = Release|Any CPU
		{4F79A2DE-915F-4F53-95DF-EC86B8819650}.Release|Any CPU.Build.0 = Release|Any CPU
		{81243FA1-C04D-43B9-B4AD-B27750D3AF95}.Debug|Any CPU.ActiveCfg = Debug|Any CPU
		{81243FA1-C04D-43B9-B4AD-B27750D3AF95}.Debug|Any CPU.Build.0 = Debug|Any CPU
		{81243FA1-C04D-43B9-B4AD-B27750D3AF95}.Release|Any CPU.ActiveCfg = Release|Any CPU
		{81243FA1-C04D-43B9-B4AD-B27750D3AF95}.Release|Any CPU.Build.0 = Release|Any CPU
		{76073BA6-6DF0-4C97-9D63-456A841F3F2A}.Debug|Any CPU.ActiveCfg = Debug|Any CPU
		{76073BA6-6DF0-4C97-9D63-456A841F3F2A}.Debug|Any CPU.Build.0 = Debug|Any CPU
		{76073BA6-6DF0-4C97-9D63-456A841F3F2A}.Release|Any CPU.ActiveCfg = Release|Any CPU
		{76073BA6-6DF0-4C97-9D63-456A841F3F2A}.Release|Any CPU.Build.0 = Release|Any CPU
		{4A980000-49A7-43B8-8F20-6CED818D930F}.Debug|Any CPU.ActiveCfg = Debug|Any CPU
		{4A980000-49A7-43B8-8F20-6CED818D930F}.Debug|Any CPU.Build.0 = Debug|Any CPU
		{4A980000-49A7-43B8-8F20-6CED818D930F}.Release|Any CPU.ActiveCfg = Release|Any CPU
		{4A980000-49A7-43B8-8F20-6CED818D930F}.Release|Any CPU.Build.0 = Release|Any CPU
	EndGlobalSection
	GlobalSection(SolutionProperties) = preSolution
		HideSolutionNode = FALSE
	EndGlobalSection
	GlobalSection(NestedProjects) = preSolution
		{6C46A264-4720-49DC-B4B4-4A0A3FDBD74B} = {7D3F92FE-9A76-49AF-8B4B-891C28A377C8}
		{6A5361A0-C218-4339-BAD8-92C0FC730844} = {7D3F92FE-9A76-49AF-8B4B-891C28A377C8}
		{206FD0A1-5AA7-4771-AABE-19EE5ACFAA3A} = {7D3F92FE-9A76-49AF-8B4B-891C28A377C8}
		{4789EB92-6745-428B-BA39-C02AEF156E91} = {6A5361A0-C218-4339-BAD8-92C0FC730844}
		{4F79A2DE-915F-4F53-95DF-EC86B8819650} = {6C46A264-4720-49DC-B4B4-4A0A3FDBD74B}
		{81243FA1-C04D-43B9-B4AD-B27750D3AF95} = {6C46A264-4720-49DC-B4B4-4A0A3FDBD74B}
		{76073BA6-6DF0-4C97-9D63-456A841F3F2A} = {6A5361A0-C218-4339-BAD8-92C0FC730844}
		{4A980000-49A7-43B8-8F20-6CED818D930F} = {206FD0A1-5AA7-4771-AABE-19EE5ACFAA3A}
	EndGlobalSection
	GlobalSection(ExtensibilityGlobals) = postSolution
		SolutionGuid = {5F10B572-0951-4A88-9BB2-C79281301A3C}
	EndGlobalSection
EndGlobal
